
Microsoft Visual Studio Solution File, Format Version 12.00
# Visual Studio 15
VisualStudioVersion = 15.0.26124.0
MinimumVisualStudioVersion = 15.0.26124.0
Project("{9A19103F-16F7-4668-BE54-9A1E7A4F7556}") = "FWF", "Core\FWF\FWF.csproj", "{7046A80C-4EA1-463A-8D44-C275A4C10774}"
EndProject
Project("{9A19103F-16F7-4668-BE54-9A1E7A4F7556}") = "FWF.Test", "Core\FWF.Test\FWF.Test.csproj", "{8A55AF65-E464-4EB0-B28D-F71A7AA6ED6E}"
EndProject
Project("{2150E333-8FDC-42A3-9474-1A3956D46DE8}") = "Core", "Core", "{C03FD180-904F-45D0-93D3-05C15705EBCA}"
EndProject
Project("{2150E333-8FDC-42A3-9474-1A3956D46DE8}") = "Games", "Games", "{257B352F-2C34-4C9D-89FD-6954C4414B23}"
EndProject
Project("{FAE04EC0-301F-11D3-BF4B-00C04F79EFBC}") = "FWF.Basketball", "Games\FWF.Basketball\FWF.Basketball.csproj", "{5CBC5849-CFD3-44E3-808C-B112A805F4ED}"
EndProject
Project("{FAE04EC0-301F-11D3-BF4B-00C04F79EFBC}") = "FWF.Basketball.Logic", "Games\FWF.Basketball.Logic\FWF.Basketball.Logic.csproj", "{E918251C-8E05-4D17-8FB1-EE5317108492}"
EndProject
Project("{FAE04EC0-301F-11D3-BF4B-00C04F79EFBC}") = "FWF.Basketball.Logic.Test", "Games\FWF.Basketball.Logic.Test\FWF.Basketball.Logic.Test.csproj", "{A768F169-E398-4FAF-9843-F0164A989E42}"
EndProject
Project("{FAE04EC0-301F-11D3-BF4B-00C04F79EFBC}") = "FWF.Basketball.Test", "Games\FWF.Basketball.Test\FWF.Basketball.Test.csproj", "{5C537C62-74D2-4EB3-B770-71FBD4535F81}"
EndProject
Project("{2150E333-8FDC-42A3-9474-1A3956D46DE8}") = "Console", "Console", "{7B3C7B53-09C5-495B-8037-D4985E2C4752}"
EndProject
Project("{9A19103F-16F7-4668-BE54-9A1E7A4F7556}") = "FWF.Basketball.Console", "Console\FWF.Basketball.Console\FWF.Basketball.Console.csproj", "{3E6FC91E-458C-4925-A508-BC6FBB51BE05}"
EndProject
Project("{2150E333-8FDC-42A3-9474-1A3956D46DE8}") = "CQRS", "CQRS", "{EF8A1F09-1005-47B1-93C1-FA220841DAB6}"
EndProject
Project("{FAE04EC0-301F-11D3-BF4B-00C04F79EFBC}") = "FWF.Basketball.CQRS", "CQRS\FWF.Basketball.CQRS\FWF.Basketball.CQRS.csproj", "{D7D57DF0-85D8-491C-84EC-260ECB6230EB}"
EndProject
Project("{9A19103F-16F7-4668-BE54-9A1E7A4F7556}") = "FWF.Basketball.CQRS.Service", "CQRS\FWF.Basketball.CQRS.Service\FWF.Basketball.CQRS.Service.csproj", "{DD716A93-2222-4D38-A9A4-10B68E14FC68}"
EndProject
Global
	GlobalSection(SolutionConfigurationPlatforms) = preSolution
		Debug|Any CPU = Debug|Any CPU
		Debug|x64 = Debug|x64
		Debug|x86 = Debug|x86
		DEV|Any CPU = DEV|Any CPU
		DEV|x64 = DEV|x64
		DEV|x86 = DEV|x86
		QA|Any CPU = QA|Any CPU
		QA|x64 = QA|x64
		QA|x86 = QA|x86
		Release|Any CPU = Release|Any CPU
		Release|x64 = Release|x64
		Release|x86 = Release|x86
		UAT|Any CPU = UAT|Any CPU
		UAT|x64 = UAT|x64
		UAT|x86 = UAT|x86
	EndGlobalSection
	GlobalSection(ProjectConfigurationPlatforms) = postSolution
		{7046A80C-4EA1-463A-8D44-C275A4C10774}.Debug|Any CPU.ActiveCfg = Debug|Any CPU
		{7046A80C-4EA1-463A-8D44-C275A4C10774}.Debug|Any CPU.Build.0 = Debug|Any CPU
		{7046A80C-4EA1-463A-8D44-C275A4C10774}.Debug|x64.ActiveCfg = Debug|Any CPU
		{7046A80C-4EA1-463A-8D44-C275A4C10774}.Debug|x64.Build.0 = Debug|Any CPU
		{7046A80C-4EA1-463A-8D44-C275A4C10774}.Debug|x86.ActiveCfg = Debug|Any CPU
		{7046A80C-4EA1-463A-8D44-C275A4C10774}.Debug|x86.Build.0 = Debug|Any CPU
		{7046A80C-4EA1-463A-8D44-C275A4C10774}.DEV|Any CPU.ActiveCfg = DEV|Any CPU
		{7046A80C-4EA1-463A-8D44-C275A4C10774}.DEV|Any CPU.Build.0 = DEV|Any CPU
		{7046A80C-4EA1-463A-8D44-C275A4C10774}.DEV|x64.ActiveCfg = DEV|Any CPU
		{7046A80C-4EA1-463A-8D44-C275A4C10774}.DEV|x64.Build.0 = DEV|Any CPU
		{7046A80C-4EA1-463A-8D44-C275A4C10774}.DEV|x86.ActiveCfg = DEV|Any CPU
		{7046A80C-4EA1-463A-8D44-C275A4C10774}.DEV|x86.Build.0 = DEV|Any CPU
		{7046A80C-4EA1-463A-8D44-C275A4C10774}.QA|Any CPU.ActiveCfg = QA|Any CPU
		{7046A80C-4EA1-463A-8D44-C275A4C10774}.QA|Any CPU.Build.0 = QA|Any CPU
		{7046A80C-4EA1-463A-8D44-C275A4C10774}.QA|x64.ActiveCfg = QA|Any CPU
		{7046A80C-4EA1-463A-8D44-C275A4C10774}.QA|x64.Build.0 = QA|Any CPU
		{7046A80C-4EA1-463A-8D44-C275A4C10774}.QA|x86.ActiveCfg = QA|Any CPU
		{7046A80C-4EA1-463A-8D44-C275A4C10774}.QA|x86.Build.0 = QA|Any CPU
		{7046A80C-4EA1-463A-8D44-C275A4C10774}.Release|Any CPU.ActiveCfg = Release|Any CPU
		{7046A80C-4EA1-463A-8D44-C275A4C10774}.Release|Any CPU.Build.0 = Release|Any CPU
		{7046A80C-4EA1-463A-8D44-C275A4C10774}.Release|x64.ActiveCfg = Release|Any CPU
		{7046A80C-4EA1-463A-8D44-C275A4C10774}.Release|x64.Build.0 = Release|Any CPU
		{7046A80C-4EA1-463A-8D44-C275A4C10774}.Release|x86.ActiveCfg = Release|Any CPU
		{7046A80C-4EA1-463A-8D44-C275A4C10774}.Release|x86.Build.0 = Release|Any CPU
		{7046A80C-4EA1-463A-8D44-C275A4C10774}.UAT|Any CPU.ActiveCfg = UAT|Any CPU
		{7046A80C-4EA1-463A-8D44-C275A4C10774}.UAT|Any CPU.Build.0 = UAT|Any CPU
		{7046A80C-4EA1-463A-8D44-C275A4C10774}.UAT|x64.ActiveCfg = UAT|Any CPU
		{7046A80C-4EA1-463A-8D44-C275A4C10774}.UAT|x64.Build.0 = UAT|Any CPU
		{7046A80C-4EA1-463A-8D44-C275A4C10774}.UAT|x86.ActiveCfg = UAT|Any CPU
		{7046A80C-4EA1-463A-8D44-C275A4C10774}.UAT|x86.Build.0 = UAT|Any CPU
		{8A55AF65-E464-4EB0-B28D-F71A7AA6ED6E}.Debug|Any CPU.ActiveCfg = Debug|Any CPU
		{8A55AF65-E464-4EB0-B28D-F71A7AA6ED6E}.Debug|Any CPU.Build.0 = Debug|Any CPU
		{8A55AF65-E464-4EB0-B28D-F71A7AA6ED6E}.Debug|x64.ActiveCfg = Debug|Any CPU
		{8A55AF65-E464-4EB0-B28D-F71A7AA6ED6E}.Debug|x64.Build.0 = Debug|Any CPU
		{8A55AF65-E464-4EB0-B28D-F71A7AA6ED6E}.Debug|x86.ActiveCfg = Debug|Any CPU
		{8A55AF65-E464-4EB0-B28D-F71A7AA6ED6E}.Debug|x86.Build.0 = Debug|Any CPU
		{8A55AF65-E464-4EB0-B28D-F71A7AA6ED6E}.DEV|Any CPU.ActiveCfg = DEV|Any CPU
		{8A55AF65-E464-4EB0-B28D-F71A7AA6ED6E}.DEV|Any CPU.Build.0 = DEV|Any CPU
		{8A55AF65-E464-4EB0-B28D-F71A7AA6ED6E}.DEV|x64.ActiveCfg = DEV|Any CPU
		{8A55AF65-E464-4EB0-B28D-F71A7AA6ED6E}.DEV|x64.Build.0 = DEV|Any CPU
		{8A55AF65-E464-4EB0-B28D-F71A7AA6ED6E}.DEV|x86.ActiveCfg = DEV|Any CPU
		{8A55AF65-E464-4EB0-B28D-F71A7AA6ED6E}.DEV|x86.Build.0 = DEV|Any CPU
		{8A55AF65-E464-4EB0-B28D-F71A7AA6ED6E}.QA|Any CPU.ActiveCfg = QA|Any CPU
		{8A55AF65-E464-4EB0-B28D-F71A7AA6ED6E}.QA|Any CPU.Build.0 = QA|Any CPU
		{8A55AF65-E464-4EB0-B28D-F71A7AA6ED6E}.QA|x64.ActiveCfg = QA|Any CPU
		{8A55AF65-E464-4EB0-B28D-F71A7AA6ED6E}.QA|x64.Build.0 = QA|Any CPU
		{8A55AF65-E464-4EB0-B28D-F71A7AA6ED6E}.QA|x86.ActiveCfg = QA|Any CPU
		{8A55AF65-E464-4EB0-B28D-F71A7AA6ED6E}.QA|x86.Build.0 = QA|Any CPU
		{8A55AF65-E464-4EB0-B28D-F71A7AA6ED6E}.Release|Any CPU.ActiveCfg = Release|Any CPU
		{8A55AF65-E464-4EB0-B28D-F71A7AA6ED6E}.Release|Any CPU.Build.0 = Release|Any CPU
		{8A55AF65-E464-4EB0-B28D-F71A7AA6ED6E}.Release|x64.ActiveCfg = Release|Any CPU
		{8A55AF65-E464-4EB0-B28D-F71A7AA6ED6E}.Release|x64.Build.0 = Release|Any CPU
		{8A55AF65-E464-4EB0-B28D-F71A7AA6ED6E}.Release|x86.ActiveCfg = Release|Any CPU
		{8A55AF65-E464-4EB0-B28D-F71A7AA6ED6E}.Release|x86.Build.0 = Release|Any CPU
		{8A55AF65-E464-4EB0-B28D-F71A7AA6ED6E}.UAT|Any CPU.ActiveCfg = UAT|Any CPU
		{8A55AF65-E464-4EB0-B28D-F71A7AA6ED6E}.UAT|Any CPU.Build.0 = UAT|Any CPU
		{8A55AF65-E464-4EB0-B28D-F71A7AA6ED6E}.UAT|x64.ActiveCfg = UAT|Any CPU
		{8A55AF65-E464-4EB0-B28D-F71A7AA6ED6E}.UAT|x64.Build.0 = UAT|Any CPU
		{8A55AF65-E464-4EB0-B28D-F71A7AA6ED6E}.UAT|x86.ActiveCfg = UAT|Any CPU
		{8A55AF65-E464-4EB0-B28D-F71A7AA6ED6E}.UAT|x86.Build.0 = UAT|Any CPU
		{5CBC5849-CFD3-44E3-808C-B112A805F4ED}.Debug|Any CPU.ActiveCfg = Debug|Any CPU
		{5CBC5849-CFD3-44E3-808C-B112A805F4ED}.Debug|Any CPU.Build.0 = Debug|Any CPU
		{5CBC5849-CFD3-44E3-808C-B112A805F4ED}.Debug|x64.ActiveCfg = Debug|Any CPU
		{5CBC5849-CFD3-44E3-808C-B112A805F4ED}.Debug|x64.Build.0 = Debug|Any CPU
		{5CBC5849-CFD3-44E3-808C-B112A805F4ED}.Debug|x86.ActiveCfg = Debug|Any CPU
		{5CBC5849-CFD3-44E3-808C-B112A805F4ED}.Debug|x86.Build.0 = Debug|Any CPU
		{5CBC5849-CFD3-44E3-808C-B112A805F4ED}.DEV|Any CPU.ActiveCfg = DEV|Any CPU
		{5CBC5849-CFD3-44E3-808C-B112A805F4ED}.DEV|Any CPU.Build.0 = DEV|Any CPU
		{5CBC5849-CFD3-44E3-808C-B112A805F4ED}.DEV|x64.ActiveCfg = DEV|Any CPU
		{5CBC5849-CFD3-44E3-808C-B112A805F4ED}.DEV|x64.Build.0 = DEV|Any CPU
		{5CBC5849-CFD3-44E3-808C-B112A805F4ED}.DEV|x86.ActiveCfg = DEV|Any CPU
		{5CBC5849-CFD3-44E3-808C-B112A805F4ED}.DEV|x86.Build.0 = DEV|Any CPU
		{5CBC5849-CFD3-44E3-808C-B112A805F4ED}.QA|Any CPU.ActiveCfg = QA|Any CPU
		{5CBC5849-CFD3-44E3-808C-B112A805F4ED}.QA|Any CPU.Build.0 = QA|Any CPU
		{5CBC5849-CFD3-44E3-808C-B112A805F4ED}.QA|x64.ActiveCfg = QA|Any CPU
		{5CBC5849-CFD3-44E3-808C-B112A805F4ED}.QA|x64.Build.0 = QA|Any CPU
		{5CBC5849-CFD3-44E3-808C-B112A805F4ED}.QA|x86.ActiveCfg = QA|Any CPU
		{5CBC5849-CFD3-44E3-808C-B112A805F4ED}.QA|x86.Build.0 = QA|Any CPU
		{5CBC5849-CFD3-44E3-808C-B112A805F4ED}.Release|Any CPU.ActiveCfg = Release|Any CPU
		{5CBC5849-CFD3-44E3-808C-B112A805F4ED}.Release|Any CPU.Build.0 = Release|Any CPU
		{5CBC5849-CFD3-44E3-808C-B112A805F4ED}.Release|x64.ActiveCfg = Release|Any CPU
		{5CBC5849-CFD3-44E3-808C-B112A805F4ED}.Release|x64.Build.0 = Release|Any CPU
		{5CBC5849-CFD3-44E3-808C-B112A805F4ED}.Release|x86.ActiveCfg = Release|Any CPU
		{5CBC5849-CFD3-44E3-808C-B112A805F4ED}.Release|x86.Build.0 = Release|Any CPU
		{5CBC5849-CFD3-44E3-808C-B112A805F4ED}.UAT|Any CPU.ActiveCfg = UAT|Any CPU
		{5CBC5849-CFD3-44E3-808C-B112A805F4ED}.UAT|Any CPU.Build.0 = UAT|Any CPU
		{5CBC5849-CFD3-44E3-808C-B112A805F4ED}.UAT|x64.ActiveCfg = UAT|Any CPU
		{5CBC5849-CFD3-44E3-808C-B112A805F4ED}.UAT|x64.Build.0 = UAT|Any CPU
		{5CBC5849-CFD3-44E3-808C-B112A805F4ED}.UAT|x86.ActiveCfg = UAT|Any CPU
		{5CBC5849-CFD3-44E3-808C-B112A805F4ED}.UAT|x86.Build.0 = UAT|Any CPU
		{E918251C-8E05-4D17-8FB1-EE5317108492}.Debug|Any CPU.ActiveCfg = Debug|Any CPU
		{E918251C-8E05-4D17-8FB1-EE5317108492}.Debug|Any CPU.Build.0 = Debug|Any CPU
		{E918251C-8E05-4D17-8FB1-EE5317108492}.Debug|x64.ActiveCfg = Debug|Any CPU
		{E918251C-8E05-4D17-8FB1-EE5317108492}.Debug|x64.Build.0 = Debug|Any CPU
		{E918251C-8E05-4D17-8FB1-EE5317108492}.Debug|x86.ActiveCfg = Debug|Any CPU
		{E918251C-8E05-4D17-8FB1-EE5317108492}.Debug|x86.Build.0 = Debug|Any CPU
		{E918251C-8E05-4D17-8FB1-EE5317108492}.DEV|Any CPU.ActiveCfg = DEV|Any CPU
		{E918251C-8E05-4D17-8FB1-EE5317108492}.DEV|Any CPU.Build.0 = DEV|Any CPU
		{E918251C-8E05-4D17-8FB1-EE5317108492}.DEV|x64.ActiveCfg = DEV|Any CPU
		{E918251C-8E05-4D17-8FB1-EE5317108492}.DEV|x64.Build.0 = DEV|Any CPU
		{E918251C-8E05-4D17-8FB1-EE5317108492}.DEV|x86.ActiveCfg = DEV|Any CPU
		{E918251C-8E05-4D17-8FB1-EE5317108492}.DEV|x86.Build.0 = DEV|Any CPU
		{E918251C-8E05-4D17-8FB1-EE5317108492}.QA|Any CPU.ActiveCfg = QA|Any CPU
		{E918251C-8E05-4D17-8FB1-EE5317108492}.QA|Any CPU.Build.0 = QA|Any CPU
		{E918251C-8E05-4D17-8FB1-EE5317108492}.QA|x64.ActiveCfg = QA|Any CPU
		{E918251C-8E05-4D17-8FB1-EE5317108492}.QA|x64.Build.0 = QA|Any CPU
		{E918251C-8E05-4D17-8FB1-EE5317108492}.QA|x86.ActiveCfg = QA|Any CPU
		{E918251C-8E05-4D17-8FB1-EE5317108492}.QA|x86.Build.0 = QA|Any CPU
		{E918251C-8E05-4D17-8FB1-EE5317108492}.Release|Any CPU.ActiveCfg = Release|Any CPU
		{E918251C-8E05-4D17-8FB1-EE5317108492}.Release|Any CPU.Build.0 = Release|Any CPU
		{E918251C-8E05-4D17-8FB1-EE5317108492}.Release|x64.ActiveCfg = Release|Any CPU
		{E918251C-8E05-4D17-8FB1-EE5317108492}.Release|x64.Build.0 = Release|Any CPU
		{E918251C-8E05-4D17-8FB1-EE5317108492}.Release|x86.ActiveCfg = Release|Any CPU
		{E918251C-8E05-4D17-8FB1-EE5317108492}.Release|x86.Build.0 = Release|Any CPU
		{E918251C-8E05-4D17-8FB1-EE5317108492}.UAT|Any CPU.ActiveCfg = UAT|Any CPU
		{E918251C-8E05-4D17-8FB1-EE5317108492}.UAT|Any CPU.Build.0 = UAT|Any CPU
		{E918251C-8E05-4D17-8FB1-EE5317108492}.UAT|x64.ActiveCfg = UAT|Any CPU
		{E918251C-8E05-4D17-8FB1-EE5317108492}.UAT|x64.Build.0 = UAT|Any CPU
		{E918251C-8E05-4D17-8FB1-EE5317108492}.UAT|x86.ActiveCfg = UAT|Any CPU
		{E918251C-8E05-4D17-8FB1-EE5317108492}.UAT|x86.Build.0 = UAT|Any CPU
		{A768F169-E398-4FAF-9843-F0164A989E42}.Debug|Any CPU.ActiveCfg = Debug|Any CPU
		{A768F169-E398-4FAF-9843-F0164A989E42}.Debug|Any CPU.Build.0 = Debug|Any CPU
		{A768F169-E398-4FAF-9843-F0164A989E42}.Debug|x64.ActiveCfg = Debug|Any CPU
		{A768F169-E398-4FAF-9843-F0164A989E42}.Debug|x64.Build.0 = Debug|Any CPU
		{A768F169-E398-4FAF-9843-F0164A989E42}.Debug|x86.ActiveCfg = Debug|Any CPU
		{A768F169-E398-4FAF-9843-F0164A989E42}.Debug|x86.Build.0 = Debug|Any CPU
		{A768F169-E398-4FAF-9843-F0164A989E42}.DEV|Any CPU.ActiveCfg = DEV|Any CPU
		{A768F169-E398-4FAF-9843-F0164A989E42}.DEV|Any CPU.Build.0 = DEV|Any CPU
		{A768F169-E398-4FAF-9843-F0164A989E42}.DEV|x64.ActiveCfg = DEV|Any CPU
		{A768F169-E398-4FAF-9843-F0164A989E42}.DEV|x64.Build.0 = DEV|Any CPU
		{A768F169-E398-4FAF-9843-F0164A989E42}.DEV|x86.ActiveCfg = DEV|Any CPU
		{A768F169-E398-4FAF-9843-F0164A989E42}.DEV|x86.Build.0 = DEV|Any CPU
		{A768F169-E398-4FAF-9843-F0164A989E42}.QA|Any CPU.ActiveCfg = QA|Any CPU
		{A768F169-E398-4FAF-9843-F0164A989E42}.QA|Any CPU.Build.0 = QA|Any CPU
		{A768F169-E398-4FAF-9843-F0164A989E42}.QA|x64.ActiveCfg = QA|Any CPU
		{A768F169-E398-4FAF-9843-F0164A989E42}.QA|x64.Build.0 = QA|Any CPU
		{A768F169-E398-4FAF-9843-F0164A989E42}.QA|x86.ActiveCfg = QA|Any CPU
		{A768F169-E398-4FAF-9843-F0164A989E42}.QA|x86.Build.0 = QA|Any CPU
		{A768F169-E398-4FAF-9843-F0164A989E42}.Release|Any CPU.ActiveCfg = Release|Any CPU
		{A768F169-E398-4FAF-9843-F0164A989E42}.Release|Any CPU.Build.0 = Release|Any CPU
		{A768F169-E398-4FAF-9843-F0164A989E42}.Release|x64.ActiveCfg = Release|Any CPU
		{A768F169-E398-4FAF-9843-F0164A989E42}.Release|x64.Build.0 = Release|Any CPU
		{A768F169-E398-4FAF-9843-F0164A989E42}.Release|x86.ActiveCfg = Release|Any CPU
		{A768F169-E398-4FAF-9843-F0164A989E42}.Release|x86.Build.0 = Release|Any CPU
		{A768F169-E398-4FAF-9843-F0164A989E42}.UAT|Any CPU.ActiveCfg = UAT|Any CPU
		{A768F169-E398-4FAF-9843-F0164A989E42}.UAT|Any CPU.Build.0 = UAT|Any CPU
		{A768F169-E398-4FAF-9843-F0164A989E42}.UAT|x64.ActiveCfg = UAT|Any CPU
		{A768F169-E398-4FAF-9843-F0164A989E42}.UAT|x64.Build.0 = UAT|Any CPU
		{A768F169-E398-4FAF-9843-F0164A989E42}.UAT|x86.ActiveCfg = UAT|Any CPU
		{A768F169-E398-4FAF-9843-F0164A989E42}.UAT|x86.Build.0 = UAT|Any CPU
		{5C537C62-74D2-4EB3-B770-71FBD4535F81}.Debug|Any CPU.ActiveCfg = Debug|Any CPU
		{5C537C62-74D2-4EB3-B770-71FBD4535F81}.Debug|Any CPU.Build.0 = Debug|Any CPU
		{5C537C62-74D2-4EB3-B770-71FBD4535F81}.Debug|x64.ActiveCfg = Debug|Any CPU
		{5C537C62-74D2-4EB3-B770-71FBD4535F81}.Debug|x64.Build.0 = Debug|Any CPU
		{5C537C62-74D2-4EB3-B770-71FBD4535F81}.Debug|x86.ActiveCfg = Debug|Any CPU
		{5C537C62-74D2-4EB3-B770-71FBD4535F81}.Debug|x86.Build.0 = Debug|Any CPU
		{5C537C62-74D2-4EB3-B770-71FBD4535F81}.DEV|Any CPU.ActiveCfg = DEV|Any CPU
		{5C537C62-74D2-4EB3-B770-71FBD4535F81}.DEV|Any CPU.Build.0 = DEV|Any CPU
		{5C537C62-74D2-4EB3-B770-71FBD4535F81}.DEV|x64.ActiveCfg = DEV|Any CPU
		{5C537C62-74D2-4EB3-B770-71FBD4535F81}.DEV|x64.Build.0 = DEV|Any CPU
		{5C537C62-74D2-4EB3-B770-71FBD4535F81}.DEV|x86.ActiveCfg = DEV|Any CPU
		{5C537C62-74D2-4EB3-B770-71FBD4535F81}.DEV|x86.Build.0 = DEV|Any CPU
		{5C537C62-74D2-4EB3-B770-71FBD4535F81}.QA|Any CPU.ActiveCfg = QA|Any CPU
		{5C537C62-74D2-4EB3-B770-71FBD4535F81}.QA|Any CPU.Build.0 = QA|Any CPU
		{5C537C62-74D2-4EB3-B770-71FBD4535F81}.QA|x64.ActiveCfg = QA|Any CPU
		{5C537C62-74D2-4EB3-B770-71FBD4535F81}.QA|x64.Build.0 = QA|Any CPU
		{5C537C62-74D2-4EB3-B770-71FBD4535F81}.QA|x86.ActiveCfg = QA|Any CPU
		{5C537C62-74D2-4EB3-B770-71FBD4535F81}.QA|x86.Build.0 = QA|Any CPU
		{5C537C62-74D2-4EB3-B770-71FBD4535F81}.Release|Any CPU.ActiveCfg = Release|Any CPU
		{5C537C62-74D2-4EB3-B770-71FBD4535F81}.Release|Any CPU.Build.0 = Release|Any CPU
		{5C537C62-74D2-4EB3-B770-71FBD4535F81}.Release|x64.ActiveCfg = Release|Any CPU
		{5C537C62-74D2-4EB3-B770-71FBD4535F81}.Release|x64.Build.0 = Release|Any CPU
		{5C537C62-74D2-4EB3-B770-71FBD4535F81}.Release|x86.ActiveCfg = Release|Any CPU
		{5C537C62-74D2-4EB3-B770-71FBD4535F81}.Release|x86.Build.0 = Release|Any CPU
		{5C537C62-74D2-4EB3-B770-71FBD4535F81}.UAT|Any CPU.ActiveCfg = UAT|Any CPU
		{5C537C62-74D2-4EB3-B770-71FBD4535F81}.UAT|Any CPU.Build.0 = UAT|Any CPU
		{5C537C62-74D2-4EB3-B770-71FBD4535F81}.UAT|x64.ActiveCfg = UAT|Any CPU
		{5C537C62-74D2-4EB3-B770-71FBD4535F81}.UAT|x64.Build.0 = UAT|Any CPU
		{5C537C62-74D2-4EB3-B770-71FBD4535F81}.UAT|x86.ActiveCfg = UAT|Any CPU
		{5C537C62-74D2-4EB3-B770-71FBD4535F81}.UAT|x86.Build.0 = UAT|Any CPU
		{3E6FC91E-458C-4925-A508-BC6FBB51BE05}.Debug|Any CPU.ActiveCfg = Debug|Any CPU
		{3E6FC91E-458C-4925-A508-BC6FBB51BE05}.Debug|Any CPU.Build.0 = Debug|Any CPU
		{3E6FC91E-458C-4925-A508-BC6FBB51BE05}.Debug|x64.ActiveCfg = Debug|Any CPU
		{3E6FC91E-458C-4925-A508-BC6FBB51BE05}.Debug|x64.Build.0 = Debug|Any CPU
		{3E6FC91E-458C-4925-A508-BC6FBB51BE05}.Debug|x86.ActiveCfg = Debug|Any CPU
		{3E6FC91E-458C-4925-A508-BC6FBB51BE05}.Debug|x86.Build.0 = Debug|Any CPU
		{3E6FC91E-458C-4925-A508-BC6FBB51BE05}.DEV|Any CPU.ActiveCfg = Debug|Any CPU
		{3E6FC91E-458C-4925-A508-BC6FBB51BE05}.DEV|Any CPU.Build.0 = Debug|Any CPU
		{3E6FC91E-458C-4925-A508-BC6FBB51BE05}.DEV|x64.ActiveCfg = Debug|Any CPU
		{3E6FC91E-458C-4925-A508-BC6FBB51BE05}.DEV|x64.Build.0 = Debug|Any CPU
		{3E6FC91E-458C-4925-A508-BC6FBB51BE05}.DEV|x86.ActiveCfg = Debug|Any CPU
		{3E6FC91E-458C-4925-A508-BC6FBB51BE05}.DEV|x86.Build.0 = Debug|Any CPU
		{3E6FC91E-458C-4925-A508-BC6FBB51BE05}.QA|Any CPU.ActiveCfg = Debug|Any CPU
		{3E6FC91E-458C-4925-A508-BC6FBB51BE05}.QA|Any CPU.Build.0 = Debug|Any CPU
		{3E6FC91E-458C-4925-A508-BC6FBB51BE05}.QA|x64.ActiveCfg = Debug|Any CPU
		{3E6FC91E-458C-4925-A508-BC6FBB51BE05}.QA|x64.Build.0 = Debug|Any CPU
		{3E6FC91E-458C-4925-A508-BC6FBB51BE05}.QA|x86.ActiveCfg = Debug|Any CPU
		{3E6FC91E-458C-4925-A508-BC6FBB51BE05}.QA|x86.Build.0 = Debug|Any CPU
		{3E6FC91E-458C-4925-A508-BC6FBB51BE05}.Release|Any CPU.ActiveCfg = Release|Any CPU
		{3E6FC91E-458C-4925-A508-BC6FBB51BE05}.Release|Any CPU.Build.0 = Release|Any CPU
		{3E6FC91E-458C-4925-A508-BC6FBB51BE05}.Release|x64.ActiveCfg = Release|Any CPU
		{3E6FC91E-458C-4925-A508-BC6FBB51BE05}.Release|x64.Build.0 = Release|Any CPU
		{3E6FC91E-458C-4925-A508-BC6FBB51BE05}.Release|x86.ActiveCfg = Release|Any CPU
		{3E6FC91E-458C-4925-A508-BC6FBB51BE05}.Release|x86.Build.0 = Release|Any CPU
		{3E6FC91E-458C-4925-A508-BC6FBB51BE05}.UAT|Any CPU.ActiveCfg = Debug|Any CPU
		{3E6FC91E-458C-4925-A508-BC6FBB51BE05}.UAT|Any CPU.Build.0 = Debug|Any CPU
		{3E6FC91E-458C-4925-A508-BC6FBB51BE05}.UAT|x64.ActiveCfg = Debug|Any CPU
		{3E6FC91E-458C-4925-A508-BC6FBB51BE05}.UAT|x64.Build.0 = Debug|Any CPU
		{3E6FC91E-458C-4925-A508-BC6FBB51BE05}.UAT|x86.ActiveCfg = Debug|Any CPU
		{3E6FC91E-458C-4925-A508-BC6FBB51BE05}.UAT|x86.Build.0 = Debug|Any CPU
		{D7D57DF0-85D8-491C-84EC-260ECB6230EB}.Debug|Any CPU.ActiveCfg = Debug|Any CPU
		{D7D57DF0-85D8-491C-84EC-260ECB6230EB}.Debug|Any CPU.Build.0 = Debug|Any CPU
		{D7D57DF0-85D8-491C-84EC-260ECB6230EB}.Debug|x64.ActiveCfg = Debug|Any CPU
		{D7D57DF0-85D8-491C-84EC-260ECB6230EB}.Debug|x64.Build.0 = Debug|Any CPU
		{D7D57DF0-85D8-491C-84EC-260ECB6230EB}.Debug|x86.ActiveCfg = Debug|Any CPU
		{D7D57DF0-85D8-491C-84EC-260ECB6230EB}.Debug|x86.Build.0 = Debug|Any CPU
		{D7D57DF0-85D8-491C-84EC-260ECB6230EB}.DEV|Any CPU.ActiveCfg = DEV|Any CPU
		{D7D57DF0-85D8-491C-84EC-260ECB6230EB}.DEV|Any CPU.Build.0 = DEV|Any CPU
		{D7D57DF0-85D8-491C-84EC-260ECB6230EB}.DEV|x64.ActiveCfg = DEV|Any CPU
		{D7D57DF0-85D8-491C-84EC-260ECB6230EB}.DEV|x64.Build.0 = DEV|Any CPU
		{D7D57DF0-85D8-491C-84EC-260ECB6230EB}.DEV|x86.ActiveCfg = DEV|Any CPU
		{D7D57DF0-85D8-491C-84EC-260ECB6230EB}.DEV|x86.Build.0 = DEV|Any CPU
		{D7D57DF0-85D8-491C-84EC-260ECB6230EB}.QA|Any CPU.ActiveCfg = QA|Any CPU
		{D7D57DF0-85D8-491C-84EC-260ECB6230EB}.QA|Any CPU.Build.0 = QA|Any CPU
		{D7D57DF0-85D8-491C-84EC-260ECB6230EB}.QA|x64.ActiveCfg = QA|Any CPU
		{D7D57DF0-85D8-491C-84EC-260ECB6230EB}.QA|x64.Build.0 = QA|Any CPU
		{D7D57DF0-85D8-491C-84EC-260ECB6230EB}.QA|x86.ActiveCfg = QA|Any CPU
		{D7D57DF0-85D8-491C-84EC-260ECB6230EB}.QA|x86.Build.0 = QA|Any CPU
		{D7D57DF0-85D8-491C-84EC-260ECB6230EB}.Release|Any CPU.ActiveCfg = Release|Any CPU
		{D7D57DF0-85D8-491C-84EC-260ECB6230EB}.Release|Any CPU.Build.0 = Release|Any CPU
		{D7D57DF0-85D8-491C-84EC-260ECB6230EB}.Release|x64.ActiveCfg = Release|Any CPU
		{D7D57DF0-85D8-491C-84EC-260ECB6230EB}.Release|x64.Build.0 = Release|Any CPU
		{D7D57DF0-85D8-491C-84EC-260ECB6230EB}.Release|x86.ActiveCfg = Release|Any CPU
		{D7D57DF0-85D8-491C-84EC-260ECB6230EB}.Release|x86.Build.0 = Release|Any CPU
		{D7D57DF0-85D8-491C-84EC-260ECB6230EB}.UAT|Any CPU.ActiveCfg = UAT|Any CPU
		{D7D57DF0-85D8-491C-84EC-260ECB6230EB}.UAT|Any CPU.Build.0 = UAT|Any CPU
		{D7D57DF0-85D8-491C-84EC-260ECB6230EB}.UAT|x64.ActiveCfg = UAT|Any CPU
		{D7D57DF0-85D8-491C-84EC-260ECB6230EB}.UAT|x64.Build.0 = UAT|Any CPU
		{D7D57DF0-85D8-491C-84EC-260ECB6230EB}.UAT|x86.ActiveCfg = UAT|Any CPU
		{D7D57DF0-85D8-491C-84EC-260ECB6230EB}.UAT|x86.Build.0 = UAT|Any CPU
		{DD716A93-2222-4D38-A9A4-10B68E14FC68}.Debug|Any CPU.ActiveCfg = Debug|Any CPU
		{DD716A93-2222-4D38-A9A4-10B68E14FC68}.Debug|Any CPU.Build.0 = Debug|Any CPU
		{DD716A93-2222-4D38-A9A4-10B68E14FC68}.Debug|x64.ActiveCfg = Debug|Any CPU
		{DD716A93-2222-4D38-A9A4-10B68E14FC68}.Debug|x64.Build.0 = Debug|Any CPU
		{DD716A93-2222-4D38-A9A4-10B68E14FC68}.Debug|x86.ActiveCfg = Debug|Any CPU
		{DD716A93-2222-4D38-A9A4-10B68E14FC68}.Debug|x86.Build.0 = Debug|Any CPU
		{DD716A93-2222-4D38-A9A4-10B68E14FC68}.DEV|Any CPU.ActiveCfg = Debug|Any CPU
		{DD716A93-2222-4D38-A9A4-10B68E14FC68}.DEV|Any CPU.Build.0 = Debug|Any CPU
		{DD716A93-2222-4D38-A9A4-10B68E14FC68}.DEV|x64.ActiveCfg = Debug|Any CPU
		{DD716A93-2222-4D38-A9A4-10B68E14FC68}.DEV|x64.Build.0 = Debug|Any CPU
		{DD716A93-2222-4D38-A9A4-10B68E14FC68}.DEV|x86.ActiveCfg = Debug|Any CPU
		{DD716A93-2222-4D38-A9A4-10B68E14FC68}.DEV|x86.Build.0 = Debug|Any CPU
		{DD716A93-2222-4D38-A9A4-10B68E14FC68}.QA|Any CPU.ActiveCfg = Debug|Any CPU
		{DD716A93-2222-4D38-A9A4-10B68E14FC68}.QA|Any CPU.Build.0 = Debug|Any CPU
		{DD716A93-2222-4D38-A9A4-10B68E14FC68}.QA|x64.ActiveCfg = Debug|Any CPU
		{DD716A93-2222-4D38-A9A4-10B68E14FC68}.QA|x64.Build.0 = Debug|Any CPU
		{DD716A93-2222-4D38-A9A4-10B68E14FC68}.QA|x86.ActiveCfg = Debug|Any CPU
		{DD716A93-2222-4D38-A9A4-10B68E14FC68}.QA|x86.Build.0 = Debug|Any CPU
		{DD716A93-2222-4D38-A9A4-10B68E14FC68}.Release|Any CPU.ActiveCfg = Release|Any CPU
		{DD716A93-2222-4D38-A9A4-10B68E14FC68}.Release|Any CPU.Build.0 = Release|Any CPU
		{DD716A93-2222-4D38-A9A4-10B68E14FC68}.Release|x64.ActiveCfg = Release|Any CPU
		{DD716A93-2222-4D38-A9A4-10B68E14FC68}.Release|x64.Build.0 = Release|Any CPU
		{DD716A93-2222-4D38-A9A4-10B68E14FC68}.Release|x86.ActiveCfg = Release|Any CPU
		{DD716A93-2222-4D38-A9A4-10B68E14FC68}.Release|x86.Build.0 = Release|Any CPU
		{DD716A93-2222-4D38-A9A4-10B68E14FC68}.UAT|Any CPU.ActiveCfg = Debug|Any CPU
		{DD716A93-2222-4D38-A9A4-10B68E14FC68}.UAT|Any CPU.Build.0 = Debug|Any CPU
		{DD716A93-2222-4D38-A9A4-10B68E14FC68}.UAT|x64.ActiveCfg = Debug|Any CPU
		{DD716A93-2222-4D38-A9A4-10B68E14FC68}.UAT|x64.Build.0 = Debug|Any CPU
		{DD716A93-2222-4D38-A9A4-10B68E14FC68}.UAT|x86.ActiveCfg = Debug|Any CPU
		{DD716A93-2222-4D38-A9A4-10B68E14FC68}.UAT|x86.Build.0 = Debug|Any CPU
	EndGlobalSection
	GlobalSection(SolutionProperties) = preSolution
		HideSolutionNode = FALSE
	EndGlobalSection
	GlobalSection(NestedProjects) = preSolution
		{7046A80C-4EA1-463A-8D44-C275A4C10774} = {C03FD180-904F-45D0-93D3-05C15705EBCA}
		{8A55AF65-E464-4EB0-B28D-F71A7AA6ED6E} = {C03FD180-904F-45D0-93D3-05C15705EBCA}
		{5CBC5849-CFD3-44E3-808C-B112A805F4ED} = {257B352F-2C34-4C9D-89FD-6954C4414B23}
		{E918251C-8E05-4D17-8FB1-EE5317108492} = {257B352F-2C34-4C9D-89FD-6954C4414B23}
		{A768F169-E398-4FAF-9843-F0164A989E42} = {257B352F-2C34-4C9D-89FD-6954C4414B23}
		{5C537C62-74D2-4EB3-B770-71FBD4535F81} = {257B352F-2C34-4C9D-89FD-6954C4414B23}
		{3E6FC91E-458C-4925-A508-BC6FBB51BE05} = {7B3C7B53-09C5-495B-8037-D4985E2C4752}
		{D7D57DF0-85D8-491C-84EC-260ECB6230EB} = {EF8A1F09-1005-47B1-93C1-FA220841DAB6}
		{DD716A93-2222-4D38-A9A4-10B68E14FC68} = {EF8A1F09-1005-47B1-93C1-FA220841DAB6}
	EndGlobalSection
	GlobalSection(ExtensibilityGlobals) = postSolution
		SolutionGuid = {5482E940-469F-4184-B7D3-980516599276}
	EndGlobalSection
EndGlobal
