
Microsoft Visual Studio Solution File, Format Version 12.00
# Visual Studio 15
VisualStudioVersion = 15.0.26124.0
MinimumVisualStudioVersion = 15.0.26124.0
Project("{9A19103F-16F7-4668-BE54-9A1E7A4F7556}") = "FWF", "Core\FWF\FWF.csproj", "{7046A80C-4EA1-463A-8D44-C275A4C10774}"
EndProject
Project("{9A19103F-16F7-4668-BE54-9A1E7A4F7556}") = "FWF.Test", "Core\FWF.Test\FWF.Test.csproj", "{8A55AF65-E464-4EB0-B28D-F71A7AA6ED6E}"
EndProject
Project("{2150E333-8FDC-42A3-9474-1A3956D46DE8}") = "Core", "Core", "{C03FD180-904F-45D0-93D3-05C15705EBCA}"
EndProject
Global
	GlobalSection(SolutionConfigurationPlatforms) = preSolution
		Debug|Any CPU = Debug|Any CPU
		Debug|x64 = Debug|x64
		Debug|x86 = Debug|x86
		DEV|Any CPU = DEV|Any CPU
		DEV|x64 = DEV|x64
		DEV|x86 = DEV|x86
		QA|Any CPU = QA|Any CPU
		QA|x64 = QA|x64
		QA|x86 = QA|x86
		Release|Any CPU = Release|Any CPU
		Release|x64 = Release|x64
		Release|x86 = Release|x86
		UAT|Any CPU = UAT|Any CPU
		UAT|x64 = UAT|x64
		UAT|x86 = UAT|x86
	EndGlobalSection
	GlobalSection(ProjectConfigurationPlatforms) = postSolution
		{7046A80C-4EA1-463A-8D44-C275A4C10774}.Debug|Any CPU.ActiveCfg = Debug|Any CPU
		{7046A80C-4EA1-463A-8D44-C275A4C10774}.Debug|Any CPU.Build.0 = Debug|Any CPU
		{7046A80C-4EA1-463A-8D44-C275A4C10774}.Debug|x64.ActiveCfg = Debug|Any CPU
		{7046A80C-4EA1-463A-8D44-C275A4C10774}.Debug|x64.Build.0 = Debug|Any CPU
		{7046A80C-4EA1-463A-8D44-C275A4C10774}.Debug|x86.ActiveCfg = Debug|Any CPU
		{7046A80C-4EA1-463A-8D44-C275A4C10774}.Debug|x86.Build.0 = Debug|Any CPU
		{7046A80C-4EA1-463A-8D44-C275A4C10774}.DEV|Any CPU.ActiveCfg = DEV|Any CPU
		{7046A80C-4EA1-463A-8D44-C275A4C10774}.DEV|Any CPU.Build.0 = DEV|Any CPU
		{7046A80C-4EA1-463A-8D44-C275A4C10774}.DEV|x64.ActiveCfg = DEV|Any CPU
		{7046A80C-4EA1-463A-8D44-C275A4C10774}.DEV|x64.Build.0 = DEV|Any CPU
		{7046A80C-4EA1-463A-8D44-C275A4C10774}.DEV|x86.ActiveCfg = DEV|Any CPU
		{7046A80C-4EA1-463A-8D44-C275A4C10774}.DEV|x86.Build.0 = DEV|Any CPU
		{7046A80C-4EA1-463A-8D44-C275A4C10774}.QA|Any CPU.ActiveCfg = QA|Any CPU
		{7046A80C-4EA1-463A-8D44-C275A4C10774}.QA|Any CPU.Build.0 = QA|Any CPU
		{7046A80C-4EA1-463A-8D44-C275A4C10774}.QA|x64.ActiveCfg = QA|Any CPU
		{7046A80C-4EA1-463A-8D44-C275A4C10774}.QA|x64.Build.0 = QA|Any CPU
		{7046A80C-4EA1-463A-8D44-C275A4C10774}.QA|x86.ActiveCfg = QA|Any CPU
		{7046A80C-4EA1-463A-8D44-C275A4C10774}.QA|x86.Build.0 = QA|Any CPU
		{7046A80C-4EA1-463A-8D44-C275A4C10774}.Release|Any CPU.ActiveCfg = Release|Any CPU
		{7046A80C-4EA1-463A-8D44-C275A4C10774}.Release|Any CPU.Build.0 = Release|Any CPU
		{7046A80C-4EA1-463A-8D44-C275A4C10774}.Release|x64.ActiveCfg = Release|Any CPU
		{7046A80C-4EA1-463A-8D44-C275A4C10774}.Release|x64.Build.0 = Release|Any CPU
		{7046A80C-4EA1-463A-8D44-C275A4C10774}.Release|x86.ActiveCfg = Release|Any CPU
		{7046A80C-4EA1-463A-8D44-C275A4C10774}.Release|x86.Build.0 = Release|Any CPU
		{7046A80C-4EA1-463A-8D44-C275A4C10774}.UAT|Any CPU.ActiveCfg = UAT|Any CPU
		{7046A80C-4EA1-463A-8D44-C275A4C10774}.UAT|Any CPU.Build.0 = UAT|Any CPU
		{7046A80C-4EA1-463A-8D44-C275A4C10774}.UAT|x64.ActiveCfg = UAT|Any CPU
		{7046A80C-4EA1-463A-8D44-C275A4C10774}.UAT|x64.Build.0 = UAT|Any CPU
		{7046A80C-4EA1-463A-8D44-C275A4C10774}.UAT|x86.ActiveCfg = UAT|Any CPU
		{7046A80C-4EA1-463A-8D44-C275A4C10774}.UAT|x86.Build.0 = UAT|Any CPU
		{8A55AF65-E464-4EB0-B28D-F71A7AA6ED6E}.Debug|Any CPU.ActiveCfg = Debug|Any CPU
		{8A55AF65-E464-4EB0-B28D-F71A7AA6ED6E}.Debug|Any CPU.Build.0 = Debug|Any CPU
		{8A55AF65-E464-4EB0-B28D-F71A7AA6ED6E}.Debug|x64.ActiveCfg = Debug|Any CPU
		{8A55AF65-E464-4EB0-B28D-F71A7AA6ED6E}.Debug|x64.Build.0 = Debug|Any CPU
		{8A55AF65-E464-4EB0-B28D-F71A7AA6ED6E}.Debug|x86.ActiveCfg = Debug|Any CPU
		{8A55AF65-E464-4EB0-B28D-F71A7AA6ED6E}.Debug|x86.Build.0 = Debug|Any CPU
		{8A55AF65-E464-4EB0-B28D-F71A7AA6ED6E}.DEV|Any CPU.ActiveCfg = DEV|Any CPU
		{8A55AF65-E464-4EB0-B28D-F71A7AA6ED6E}.DEV|Any CPU.Build.0 = DEV|Any CPU
		{8A55AF65-E464-4EB0-B28D-F71A7AA6ED6E}.DEV|x64.ActiveCfg = DEV|Any CPU
		{8A55AF65-E464-4EB0-B28D-F71A7AA6ED6E}.DEV|x64.Build.0 = DEV|Any CPU
		{8A55AF65-E464-4EB0-B28D-F71A7AA6ED6E}.DEV|x86.ActiveCfg = DEV|Any CPU
		{8A55AF65-E464-4EB0-B28D-F71A7AA6ED6E}.DEV|x86.Build.0 = DEV|Any CPU
		{8A55AF65-E464-4EB0-B28D-F71A7AA6ED6E}.QA|Any CPU.ActiveCfg = QA|Any CPU
		{8A55AF65-E464-4EB0-B28D-F71A7AA6ED6E}.QA|Any CPU.Build.0 = QA|Any CPU
		{8A55AF65-E464-4EB0-B28D-F71A7AA6ED6E}.QA|x64.ActiveCfg = QA|Any CPU
		{8A55AF65-E464-4EB0-B28D-F71A7AA6ED6E}.QA|x64.Build.0 = QA|Any CPU
		{8A55AF65-E464-4EB0-B28D-F71A7AA6ED6E}.QA|x86.ActiveCfg = QA|Any CPU
		{8A55AF65-E464-4EB0-B28D-F71A7AA6ED6E}.QA|x86.Build.0 = QA|Any CPU
		{8A55AF65-E464-4EB0-B28D-F71A7AA6ED6E}.Release|Any CPU.ActiveCfg = Release|Any CPU
		{8A55AF65-E464-4EB0-B28D-F71A7AA6ED6E}.Release|Any CPU.Build.0 = Release|Any CPU
		{8A55AF65-E464-4EB0-B28D-F71A7AA6ED6E}.Release|x64.ActiveCfg = Release|Any CPU
		{8A55AF65-E464-4EB0-B28D-F71A7AA6ED6E}.Release|x64.Build.0 = Release|Any CPU
		{8A55AF65-E464-4EB0-B28D-F71A7AA6ED6E}.Release|x86.ActiveCfg = Release|Any CPU
		{8A55AF65-E464-4EB0-B28D-F71A7AA6ED6E}.Release|x86.Build.0 = Release|Any CPU
		{8A55AF65-E464-4EB0-B28D-F71A7AA6ED6E}.UAT|Any CPU.ActiveCfg = UAT|Any CPU
		{8A55AF65-E464-4EB0-B28D-F71A7AA6ED6E}.UAT|Any CPU.Build.0 = UAT|Any CPU
		{8A55AF65-E464-4EB0-B28D-F71A7AA6ED6E}.UAT|x64.ActiveCfg = UAT|Any CPU
		{8A55AF65-E464-4EB0-B28D-F71A7AA6ED6E}.UAT|x64.Build.0 = UAT|Any CPU
		{8A55AF65-E464-4EB0-B28D-F71A7AA6ED6E}.UAT|x86.ActiveCfg = UAT|Any CPU
		{8A55AF65-E464-4EB0-B28D-F71A7AA6ED6E}.UAT|x86.Build.0 = UAT|Any CPU
	EndGlobalSection
	GlobalSection(SolutionProperties) = preSolution
		HideSolutionNode = FALSE
	EndGlobalSection
	GlobalSection(NestedProjects) = preSolution
		{7046A80C-4EA1-463A-8D44-C275A4C10774} = {C03FD180-904F-45D0-93D3-05C15705EBCA}
		{8A55AF65-E464-4EB0-B28D-F71A7AA6ED6E} = {C03FD180-904F-45D0-93D3-05C15705EBCA}
	EndGlobalSection
	GlobalSection(ExtensibilityGlobals) = postSolution
		SolutionGuid = {5482E940-469F-4184-B7D3-980516599276}
	EndGlobalSection
EndGlobal
